
Microsoft Visual Studio Solution File, Format Version 12.00
# Visual Studio 15
VisualStudioVersion = 15.0.28010.2026
MinimumVisualStudioVersion = 10.0.40219.1
Project("{F2A71F9B-5D33-465A-A702-920D77279786}") = "LRUCache", "LRUCache\LRUCache.fsproj", "{EC77D808-BAC0-48A2-87F2-6C0B82EDE79D}"
EndProject
Project("{F2A71F9B-5D33-465A-A702-920D77279786}") = "UnitTestProject1", "UnitTestProject1\UnitTestProject1.fsproj", "{EFE301FE-9376-4C64-B4C1-8A2F50F401FB}"
EndProject
Global
	GlobalSection(SolutionConfigurationPlatforms) = preSolution
		Debug|Any CPU = Debug|Any CPU
		Release|Any CPU = Release|Any CPU
	EndGlobalSection
	GlobalSection(ProjectConfigurationPlatforms) = postSolution
		{EC77D808-BAC0-48A2-87F2-6C0B82EDE79D}.Debug|Any CPU.ActiveCfg = Debug|Any CPU
		{EC77D808-BAC0-48A2-87F2-6C0B82EDE79D}.Debug|Any CPU.Build.0 = Debug|Any CPU
		{EC77D808-BAC0-48A2-87F2-6C0B82EDE79D}.Release|Any CPU.ActiveCfg = Release|Any CPU
		{EC77D808-BAC0-48A2-87F2-6C0B82EDE79D}.Release|Any CPU.Build.0 = Release|Any CPU
		{EFE301FE-9376-4C64-B4C1-8A2F50F401FB}.Debug|Any CPU.ActiveCfg = Debug|Any CPU
		{EFE301FE-9376-4C64-B4C1-8A2F50F401FB}.Debug|Any CPU.Build.0 = Debug|Any CPU
		{EFE301FE-9376-4C64-B4C1-8A2F50F401FB}.Release|Any CPU.ActiveCfg = Release|Any CPU
		{EFE301FE-9376-4C64-B4C1-8A2F50F401FB}.Release|Any CPU.Build.0 = Release|Any CPU
	EndGlobalSection
	GlobalSection(SolutionProperties) = preSolution
		HideSolutionNode = FALSE
	EndGlobalSection
	GlobalSection(ExtensibilityGlobals) = postSolution
		SolutionGuid = {B7B88DAD-7784-42E4-8935-761490474D20}
	EndGlobalSection
EndGlobal
